
Microsoft Visual Studio Solution File, Format Version 12.00
# Visual Studio Version 17
VisualStudioVersion = 17.3.32929.385
MinimumVisualStudioVersion = 10.0.40219.1
Project("{2150E333-8FDC-42A3-9474-1A3956D46DE8}") = "Agents", "Agents", "{6226C593-2DD5-4021-93B0-53846F05C4F7}"
EndProject
Project("{2150E333-8FDC-42A3-9474-1A3956D46DE8}") = "Temp", "Temp", "{727C32B2-2A73-4249-8BF3-A2828272501F}"
EndProject
Project("{2150E333-8FDC-42A3-9474-1A3956D46DE8}") = "References", "References", "{55F43CA4-40F5-4A16-80DF-B4E0C9034D25}"
EndProject
Project("{9A19103F-16F7-4668-BE54-9A1E7A4F7556}") = "OpenAI.GPT3", "..\openai\OpenAI.SDK\OpenAI.GPT3.csproj", "{C7AFEE47-E032-483C-BDD7-681410DA6496}"
EndProject
Project("{9A19103F-16F7-4668-BE54-9A1E7A4F7556}") = "SymblAISharp", "..\symbl-csharp-sdk\Sdk\SymblAISharp.csproj", "{7432FBA9-5A15-4C83-8C9C-0AA526931800}"
EndProject
Project("{2150E333-8FDC-42A3-9474-1A3956D46DE8}") = "Broker", "Broker", "{E8C6C4DC-7F4A-428E-A3FD-9D1CDADB678F}"
EndProject
Project("{9A19103F-16F7-4668-BE54-9A1E7A4F7556}") = "Coordinator", "Agents\Coordinator\Coordinator.csproj", "{7C6DBC0B-0A90-4329-98B1-6E04A19BB0E7}"
EndProject
Project("{2150E333-8FDC-42A3-9474-1A3956D46DE8}") = "Agent", "Agent", "{0B575BC7-1516-40CB-827E-CA72EADB8CF3}"
EndProject
Project("{9A19103F-16F7-4668-BE54-9A1E7A4F7556}") = "Technologai", "Agent\.NET 6.0\Technologai.csproj", "{232C71D2-81E9-4D57-AF97-B01F6D33F78D}"
EndProject
Project("{9A19103F-16F7-4668-BE54-9A1E7A4F7556}") = "Technologai.AWS", "Broker\aws\Technologai.AWS.csproj", "{9E288D7F-5E67-471E-A2ED-6F944314C2DC}"
EndProject
Project("{2150E333-8FDC-42A3-9474-1A3956D46DE8}") = "Solution Items", "Solution Items", "{D6C7A591-0219-48F8-BD0C-924F4932A9AD}"
	ProjectSection(SolutionItems) = preProject
		.gitignore = .gitignore
		README.md = README.md
	EndProjectSection
EndProject
Project("{9A19103F-16F7-4668-BE54-9A1E7A4F7556}") = "POC", "Temp\POC\POC.csproj", "{13BACE26-3395-4F2F-9F78-E45A433CD8C2}"
EndProject
Project("{2150E333-8FDC-42A3-9474-1A3956D46DE8}") = "Core", "Core", "{E72AC1E2-3371-4CBC-8D60-FA2BA82228D6}"
EndProject
Project("{2150E333-8FDC-42A3-9474-1A3956D46DE8}") = "Abilities", "Abilities", "{80C971DD-AADF-40CB-B78F-FFDBCF648D52}"
EndProject
Project("{9A19103F-16F7-4668-BE54-9A1E7A4F7556}") = "SpeechToText", "Agents\SpeechToText\SpeechToText.csproj", "{EA42E658-5A4E-4318-A9CA-7530C475B491}"
EndProject
Project("{9A19103F-16F7-4668-BE54-9A1E7A4F7556}") = "Interaction", "Agents\Interaction\Interaction.csproj", "{7D263037-BD84-47A9-8D7C-608072165516}"
EndProject
Project("{9A19103F-16F7-4668-BE54-9A1E7A4F7556}") = "Archiver", "Agents\Archiver\Archiver.csproj", "{A5D2BF24-7A1C-4D4C-AADF-9163177BA671}"
EndProject
Project("{9A19103F-16F7-4668-BE54-9A1E7A4F7556}") = "Regulator", "Agents\Regulator\Regulator.csproj", "{FA5178ED-2007-4F04-88EC-CA3B52DB963E}"
EndProject
Project("{FAE04EC0-301F-11D3-BF4B-00C04F79EFBC}") = "Trainer", "Agents\Trainer\Trainer.csproj", "{12324F55-617B-41A6-8C9F-8B4BBDB6F61F}"
EndProject
Project("{FAE04EC0-301F-11D3-BF4B-00C04F79EFBC}") = "Optimizer", "Agents\Optimizer\Optimizer.csproj", "{EE4A015F-0371-449B-912F-D369958694CF}"
EndProject
Project("{FAE04EC0-301F-11D3-BF4B-00C04F79EFBC}") = "Verifier", "Agents\Verifier\Verifier.csproj", "{3AD90DC9-52B8-4E61-A648-73501F6374ED}"
EndProject
Global
	GlobalSection(SolutionConfigurationPlatforms) = preSolution
		Debug|Any CPU = Debug|Any CPU
		Release|Any CPU = Release|Any CPU
	EndGlobalSection
	GlobalSection(ProjectConfigurationPlatforms) = postSolution
		{C7AFEE47-E032-483C-BDD7-681410DA6496}.Debug|Any CPU.ActiveCfg = Debug|Any CPU
		{C7AFEE47-E032-483C-BDD7-681410DA6496}.Debug|Any CPU.Build.0 = Debug|Any CPU
		{C7AFEE47-E032-483C-BDD7-681410DA6496}.Release|Any CPU.ActiveCfg = Release|Any CPU
		{C7AFEE47-E032-483C-BDD7-681410DA6496}.Release|Any CPU.Build.0 = Release|Any CPU
		{7432FBA9-5A15-4C83-8C9C-0AA526931800}.Debug|Any CPU.ActiveCfg = Debug|Any CPU
		{7432FBA9-5A15-4C83-8C9C-0AA526931800}.Debug|Any CPU.Build.0 = Debug|Any CPU
		{7432FBA9-5A15-4C83-8C9C-0AA526931800}.Release|Any CPU.ActiveCfg = Release|Any CPU
		{7432FBA9-5A15-4C83-8C9C-0AA526931800}.Release|Any CPU.Build.0 = Release|Any CPU
		{7C6DBC0B-0A90-4329-98B1-6E04A19BB0E7}.Debug|Any CPU.ActiveCfg = Debug|Any CPU
		{7C6DBC0B-0A90-4329-98B1-6E04A19BB0E7}.Debug|Any CPU.Build.0 = Debug|Any CPU
		{7C6DBC0B-0A90-4329-98B1-6E04A19BB0E7}.Release|Any CPU.ActiveCfg = Release|Any CPU
		{7C6DBC0B-0A90-4329-98B1-6E04A19BB0E7}.Release|Any CPU.Build.0 = Release|Any CPU
		{232C71D2-81E9-4D57-AF97-B01F6D33F78D}.Debug|Any CPU.ActiveCfg = Debug|Any CPU
		{232C71D2-81E9-4D57-AF97-B01F6D33F78D}.Debug|Any CPU.Build.0 = Debug|Any CPU
		{232C71D2-81E9-4D57-AF97-B01F6D33F78D}.Release|Any CPU.ActiveCfg = Release|Any CPU
		{232C71D2-81E9-4D57-AF97-B01F6D33F78D}.Release|Any CPU.Build.0 = Release|Any CPU
		{9E288D7F-5E67-471E-A2ED-6F944314C2DC}.Debug|Any CPU.ActiveCfg = Debug|Any CPU
		{9E288D7F-5E67-471E-A2ED-6F944314C2DC}.Debug|Any CPU.Build.0 = Debug|Any CPU
		{9E288D7F-5E67-471E-A2ED-6F944314C2DC}.Release|Any CPU.ActiveCfg = Release|Any CPU
		{9E288D7F-5E67-471E-A2ED-6F944314C2DC}.Release|Any CPU.Build.0 = Release|Any CPU
		{13BACE26-3395-4F2F-9F78-E45A433CD8C2}.Debug|Any CPU.ActiveCfg = Debug|Any CPU
		{13BACE26-3395-4F2F-9F78-E45A433CD8C2}.Debug|Any CPU.Build.0 = Debug|Any CPU
		{13BACE26-3395-4F2F-9F78-E45A433CD8C2}.Release|Any CPU.ActiveCfg = Release|Any CPU
		{13BACE26-3395-4F2F-9F78-E45A433CD8C2}.Release|Any CPU.Build.0 = Release|Any CPU
		{EA42E658-5A4E-4318-A9CA-7530C475B491}.Debug|Any CPU.ActiveCfg = Debug|Any CPU
		{EA42E658-5A4E-4318-A9CA-7530C475B491}.Debug|Any CPU.Build.0 = Debug|Any CPU
		{EA42E658-5A4E-4318-A9CA-7530C475B491}.Release|Any CPU.ActiveCfg = Release|Any CPU
		{EA42E658-5A4E-4318-A9CA-7530C475B491}.Release|Any CPU.Build.0 = Release|Any CPU
		{7D263037-BD84-47A9-8D7C-608072165516}.Debug|Any CPU.ActiveCfg = Debug|Any CPU
		{7D263037-BD84-47A9-8D7C-608072165516}.Debug|Any CPU.Build.0 = Debug|Any CPU
		{7D263037-BD84-47A9-8D7C-608072165516}.Release|Any CPU.ActiveCfg = Release|Any CPU
		{7D263037-BD84-47A9-8D7C-608072165516}.Release|Any CPU.Build.0 = Release|Any CPU
		{A5D2BF24-7A1C-4D4C-AADF-9163177BA671}.Debug|Any CPU.ActiveCfg = Debug|Any CPU
		{A5D2BF24-7A1C-4D4C-AADF-9163177BA671}.Debug|Any CPU.Build.0 = Debug|Any CPU
		{A5D2BF24-7A1C-4D4C-AADF-9163177BA671}.Release|Any CPU.ActiveCfg = Release|Any CPU
		{A5D2BF24-7A1C-4D4C-AADF-9163177BA671}.Release|Any CPU.Build.0 = Release|Any CPU
		{FA5178ED-2007-4F04-88EC-CA3B52DB963E}.Debug|Any CPU.ActiveCfg = Debug|Any CPU
		{FA5178ED-2007-4F04-88EC-CA3B52DB963E}.Debug|Any CPU.Build.0 = Debug|Any CPU
		{FA5178ED-2007-4F04-88EC-CA3B52DB963E}.Release|Any CPU.ActiveCfg = Release|Any CPU
		{FA5178ED-2007-4F04-88EC-CA3B52DB963E}.Release|Any CPU.Build.0 = Release|Any CPU
		{12324F55-617B-41A6-8C9F-8B4BBDB6F61F}.Debug|Any CPU.ActiveCfg = Debug|Any CPU
		{12324F55-617B-41A6-8C9F-8B4BBDB6F61F}.Debug|Any CPU.Build.0 = Debug|Any CPU
		{12324F55-617B-41A6-8C9F-8B4BBDB6F61F}.Release|Any CPU.ActiveCfg = Release|Any CPU
		{12324F55-617B-41A6-8C9F-8B4BBDB6F61F}.Release|Any CPU.Build.0 = Release|Any CPU
		{EE4A015F-0371-449B-912F-D369958694CF}.Debug|Any CPU.ActiveCfg = Debug|Any CPU
		{EE4A015F-0371-449B-912F-D369958694CF}.Debug|Any CPU.Build.0 = Debug|Any CPU
		{EE4A015F-0371-449B-912F-D369958694CF}.Release|Any CPU.ActiveCfg = Release|Any CPU
		{EE4A015F-0371-449B-912F-D369958694CF}.Release|Any CPU.Build.0 = Release|Any CPU
		{3AD90DC9-52B8-4E61-A648-73501F6374ED}.Debug|Any CPU.ActiveCfg = Debug|Any CPU
		{3AD90DC9-52B8-4E61-A648-73501F6374ED}.Debug|Any CPU.Build.0 = Debug|Any CPU
		{3AD90DC9-52B8-4E61-A648-73501F6374ED}.Release|Any CPU.ActiveCfg = Release|Any CPU
		{3AD90DC9-52B8-4E61-A648-73501F6374ED}.Release|Any CPU.Build.0 = Release|Any CPU
	EndGlobalSection
	GlobalSection(SolutionProperties) = preSolution
		HideSolutionNode = FALSE
	EndGlobalSection
	GlobalSection(NestedProjects) = preSolution
		{C7AFEE47-E032-483C-BDD7-681410DA6496} = {55F43CA4-40F5-4A16-80DF-B4E0C9034D25}
		{7432FBA9-5A15-4C83-8C9C-0AA526931800} = {55F43CA4-40F5-4A16-80DF-B4E0C9034D25}
		{7C6DBC0B-0A90-4329-98B1-6E04A19BB0E7} = {E72AC1E2-3371-4CBC-8D60-FA2BA82228D6}
		{232C71D2-81E9-4D57-AF97-B01F6D33F78D} = {0B575BC7-1516-40CB-827E-CA72EADB8CF3}
		{9E288D7F-5E67-471E-A2ED-6F944314C2DC} = {E8C6C4DC-7F4A-428E-A3FD-9D1CDADB678F}
		{13BACE26-3395-4F2F-9F78-E45A433CD8C2} = {727C32B2-2A73-4249-8BF3-A2828272501F}
		{E72AC1E2-3371-4CBC-8D60-FA2BA82228D6} = {6226C593-2DD5-4021-93B0-53846F05C4F7}
		{80C971DD-AADF-40CB-B78F-FFDBCF648D52} = {6226C593-2DD5-4021-93B0-53846F05C4F7}
		{EA42E658-5A4E-4318-A9CA-7530C475B491} = {80C971DD-AADF-40CB-B78F-FFDBCF648D52}
		{7D263037-BD84-47A9-8D7C-608072165516} = {80C971DD-AADF-40CB-B78F-FFDBCF648D52}
		{A5D2BF24-7A1C-4D4C-AADF-9163177BA671} = {E72AC1E2-3371-4CBC-8D60-FA2BA82228D6}
		{FA5178ED-2007-4F04-88EC-CA3B52DB963E} = {E72AC1E2-3371-4CBC-8D60-FA2BA82228D6}
		{12324F55-617B-41A6-8C9F-8B4BBDB6F61F} = {E72AC1E2-3371-4CBC-8D60-FA2BA82228D6}
		{EE4A015F-0371-449B-912F-D369958694CF} = {E72AC1E2-3371-4CBC-8D60-FA2BA82228D6}
		{3AD90DC9-52B8-4E61-A648-73501F6374ED} = {E72AC1E2-3371-4CBC-8D60-FA2BA82228D6}
	EndGlobalSection
	GlobalSection(ExtensibilityGlobals) = postSolution
		SolutionGuid = {D7755621-BA51-411A-B04D-20AB0C57BA0D}
	EndGlobalSection
EndGlobal
