
Microsoft Visual Studio Solution File, Format Version 12.00
# Visual Studio Version 17
VisualStudioVersion = 17.3.32929.385
MinimumVisualStudioVersion = 10.0.40219.1
Project("{2150E333-8FDC-42A3-9474-1A3956D46DE8}") = "Agents", "Agents", "{6226C593-2DD5-4021-93B0-53846F05C4F7}"
EndProject
Project("{2150E333-8FDC-42A3-9474-1A3956D46DE8}") = "Temp", "Temp", "{727C32B2-2A73-4249-8BF3-A2828272501F}"
EndProject
Project("{2150E333-8FDC-42A3-9474-1A3956D46DE8}") = "References", "References", "{55F43CA4-40F5-4A16-80DF-B4E0C9034D25}"
EndProject
Project("{9A19103F-16F7-4668-BE54-9A1E7A4F7556}") = "OpenAI.GPT3", "..\openai\OpenAI.SDK\OpenAI.GPT3.csproj", "{C7AFEE47-E032-483C-BDD7-681410DA6496}"
EndProject
Project("{9A19103F-16F7-4668-BE54-9A1E7A4F7556}") = "SymblAISharp", "..\symbl-csharp-sdk\Sdk\SymblAISharp.csproj", "{7432FBA9-5A15-4C83-8C9C-0AA526931800}"
EndProject
Project("{2150E333-8FDC-42A3-9474-1A3956D46DE8}") = "Broker", "Broker", "{E8C6C4DC-7F4A-428E-A3FD-9D1CDADB678F}"
EndProject
Project("{2150E333-8FDC-42A3-9474-1A3956D46DE8}") = "Agent", "Agent", "{0B575BC7-1516-40CB-827E-CA72EADB8CF3}"
EndProject
Project("{9A19103F-16F7-4668-BE54-9A1E7A4F7556}") = "Technologai", "Agent\.NET 6.0\Technologai.csproj", "{232C71D2-81E9-4D57-AF97-B01F6D33F78D}"
EndProject
Project("{9A19103F-16F7-4668-BE54-9A1E7A4F7556}") = "Technologai.AWS", "Broker\aws\Technologai.AWS.csproj", "{9E288D7F-5E67-471E-A2ED-6F944314C2DC}"
EndProject
Project("{2150E333-8FDC-42A3-9474-1A3956D46DE8}") = "Solution Items", "Solution Items", "{D6C7A591-0219-48F8-BD0C-924F4932A9AD}"
	ProjectSection(SolutionItems) = preProject
		.gitignore = .gitignore
		README.md = README.md
	EndProjectSection
EndProject
Project("{9A19103F-16F7-4668-BE54-9A1E7A4F7556}") = "POC", "Temp\POC\POC.csproj", "{13BACE26-3395-4F2F-9F78-E45A433CD8C2}"
EndProject
Project("{9A19103F-16F7-4668-BE54-9A1E7A4F7556}") = "Interaction", "Agents\Interaction\Interaction.csproj", "{7D263037-BD84-47A9-8D7C-608072165516}"
EndProject
Project("{9A19103F-16F7-4668-BE54-9A1E7A4F7556}") = "Monitor", "Agents\Monitor\Monitor.csproj", "{B45FF765-6AE5-440D-AB48-25223948E99D}"
EndProject
Project("{9A19103F-16F7-4668-BE54-9A1E7A4F7556}") = "Core", "Agents\Core\Core.csproj", "{C5F433EE-CDC7-46B3-B7AD-630A831F79B4}"
EndProject
Project("{2150E333-8FDC-42A3-9474-1A3956D46DE8}") = "Python", "Python", "{282F4159-8DD0-4DB1-A5E8-95731FB4718F}"
	ProjectSection(SolutionItems) = preProject
		Agent\Python\authority.py = Agent\Python\authority.py
		Agent\Python\broker_message.py = Agent\Python\broker_message.py
		Agent\Python\context_id.py = Agent\Python\context_id.py
		Agent\Python\identity.py = Agent\Python\identity.py
		Agent\Python\information.py = Agent\Python\information.py
	EndProjectSection
EndProject
Project("{2150E333-8FDC-42A3-9474-1A3956D46DE8}") = ".NET6.0", ".NET6.0", "{BC2F30AB-79A3-4A66-A6A1-ED2B8AE62200}"
EndProject
Project("{2150E333-8FDC-42A3-9474-1A3956D46DE8}") = "Assets", "Assets", "{B9544EFC-CDF3-403E-ADC2-C8D029129846}"
	ProjectSection(SolutionItems) = preProject
		Assets\InformationFlow.drawio = Assets\InformationFlow.drawio
		Assets\TechnologaiEnvironments.drawio = Assets\TechnologaiEnvironments.drawio
	EndProjectSection
EndProject
Project("{9A19103F-16F7-4668-BE54-9A1E7A4F7556}") = "Api", "Agents\Api\Api.csproj", "{EB2DFC80-5388-4A3F-A202-2F543268A5A9}"
EndProject
Global
	GlobalSection(SolutionConfigurationPlatforms) = preSolution
		Debug|Any CPU = Debug|Any CPU
		Release|Any CPU = Release|Any CPU
	EndGlobalSection
	GlobalSection(ProjectConfigurationPlatforms) = postSolution
		{C7AFEE47-E032-483C-BDD7-681410DA6496}.Debug|Any CPU.ActiveCfg = Debug|Any CPU
		{C7AFEE47-E032-483C-BDD7-681410DA6496}.Debug|Any CPU.Build.0 = Debug|Any CPU
		{C7AFEE47-E032-483C-BDD7-681410DA6496}.Release|Any CPU.ActiveCfg = Release|Any CPU
		{C7AFEE47-E032-483C-BDD7-681410DA6496}.Release|Any CPU.Build.0 = Release|Any CPU
		{7432FBA9-5A15-4C83-8C9C-0AA526931800}.Debug|Any CPU.ActiveCfg = Debug|Any CPU
		{7432FBA9-5A15-4C83-8C9C-0AA526931800}.Debug|Any CPU.Build.0 = Debug|Any CPU
		{7432FBA9-5A15-4C83-8C9C-0AA526931800}.Release|Any CPU.ActiveCfg = Release|Any CPU
		{7432FBA9-5A15-4C83-8C9C-0AA526931800}.Release|Any CPU.Build.0 = Release|Any CPU
		{232C71D2-81E9-4D57-AF97-B01F6D33F78D}.Debug|Any CPU.ActiveCfg = Debug|Any CPU
		{232C71D2-81E9-4D57-AF97-B01F6D33F78D}.Debug|Any CPU.Build.0 = Debug|Any CPU
		{232C71D2-81E9-4D57-AF97-B01F6D33F78D}.Release|Any CPU.ActiveCfg = Release|Any CPU
		{232C71D2-81E9-4D57-AF97-B01F6D33F78D}.Release|Any CPU.Build.0 = Release|Any CPU
		{9E288D7F-5E67-471E-A2ED-6F944314C2DC}.Debug|Any CPU.ActiveCfg = Debug|Any CPU
		{9E288D7F-5E67-471E-A2ED-6F944314C2DC}.Debug|Any CPU.Build.0 = Debug|Any CPU
		{9E288D7F-5E67-471E-A2ED-6F944314C2DC}.Release|Any CPU.ActiveCfg = Release|Any CPU
		{9E288D7F-5E67-471E-A2ED-6F944314C2DC}.Release|Any CPU.Build.0 = Release|Any CPU
		{13BACE26-3395-4F2F-9F78-E45A433CD8C2}.Debug|Any CPU.ActiveCfg = Debug|Any CPU
		{13BACE26-3395-4F2F-9F78-E45A433CD8C2}.Debug|Any CPU.Build.0 = Debug|Any CPU
		{13BACE26-3395-4F2F-9F78-E45A433CD8C2}.Release|Any CPU.ActiveCfg = Release|Any CPU
		{13BACE26-3395-4F2F-9F78-E45A433CD8C2}.Release|Any CPU.Build.0 = Release|Any CPU
		{7D263037-BD84-47A9-8D7C-608072165516}.Debug|Any CPU.ActiveCfg = Debug|Any CPU
		{7D263037-BD84-47A9-8D7C-608072165516}.Debug|Any CPU.Build.0 = Debug|Any CPU
		{7D263037-BD84-47A9-8D7C-608072165516}.Release|Any CPU.ActiveCfg = Release|Any CPU
		{7D263037-BD84-47A9-8D7C-608072165516}.Release|Any CPU.Build.0 = Release|Any CPU
		{B45FF765-6AE5-440D-AB48-25223948E99D}.Debug|Any CPU.ActiveCfg = Debug|Any CPU
		{B45FF765-6AE5-440D-AB48-25223948E99D}.Debug|Any CPU.Build.0 = Debug|Any CPU
		{B45FF765-6AE5-440D-AB48-25223948E99D}.Release|Any CPU.ActiveCfg = Release|Any CPU
		{B45FF765-6AE5-440D-AB48-25223948E99D}.Release|Any CPU.Build.0 = Release|Any CPU
		{C5F433EE-CDC7-46B3-B7AD-630A831F79B4}.Debug|Any CPU.ActiveCfg = Debug|Any CPU
		{C5F433EE-CDC7-46B3-B7AD-630A831F79B4}.Debug|Any CPU.Build.0 = Debug|Any CPU
		{C5F433EE-CDC7-46B3-B7AD-630A831F79B4}.Release|Any CPU.ActiveCfg = Release|Any CPU
		{C5F433EE-CDC7-46B3-B7AD-630A831F79B4}.Release|Any CPU.Build.0 = Release|Any CPU
		{EB2DFC80-5388-4A3F-A202-2F543268A5A9}.Debug|Any CPU.ActiveCfg = Debug|Any CPU
		{EB2DFC80-5388-4A3F-A202-2F543268A5A9}.Debug|Any CPU.Build.0 = Debug|Any CPU
		{EB2DFC80-5388-4A3F-A202-2F543268A5A9}.Release|Any CPU.ActiveCfg = Release|Any CPU
		{EB2DFC80-5388-4A3F-A202-2F543268A5A9}.Release|Any CPU.Build.0 = Release|Any CPU
	EndGlobalSection
	GlobalSection(SolutionProperties) = preSolution
		HideSolutionNode = FALSE
	EndGlobalSection
	GlobalSection(NestedProjects) = preSolution
		{C7AFEE47-E032-483C-BDD7-681410DA6496} = {55F43CA4-40F5-4A16-80DF-B4E0C9034D25}
		{7432FBA9-5A15-4C83-8C9C-0AA526931800} = {55F43CA4-40F5-4A16-80DF-B4E0C9034D25}
		{232C71D2-81E9-4D57-AF97-B01F6D33F78D} = {BC2F30AB-79A3-4A66-A6A1-ED2B8AE62200}
		{9E288D7F-5E67-471E-A2ED-6F944314C2DC} = {E8C6C4DC-7F4A-428E-A3FD-9D1CDADB678F}
		{13BACE26-3395-4F2F-9F78-E45A433CD8C2} = {727C32B2-2A73-4249-8BF3-A2828272501F}
		{7D263037-BD84-47A9-8D7C-608072165516} = {6226C593-2DD5-4021-93B0-53846F05C4F7}
		{B45FF765-6AE5-440D-AB48-25223948E99D} = {6226C593-2DD5-4021-93B0-53846F05C4F7}
		{C5F433EE-CDC7-46B3-B7AD-630A831F79B4} = {6226C593-2DD5-4021-93B0-53846F05C4F7}
		{282F4159-8DD0-4DB1-A5E8-95731FB4718F} = {0B575BC7-1516-40CB-827E-CA72EADB8CF3}
		{BC2F30AB-79A3-4A66-A6A1-ED2B8AE62200} = {0B575BC7-1516-40CB-827E-CA72EADB8CF3}
		{B9544EFC-CDF3-403E-ADC2-C8D029129846} = {D6C7A591-0219-48F8-BD0C-924F4932A9AD}
		{EB2DFC80-5388-4A3F-A202-2F543268A5A9} = {6226C593-2DD5-4021-93B0-53846F05C4F7}
	EndGlobalSection
	GlobalSection(ExtensibilityGlobals) = postSolution
		SolutionGuid = {D7755621-BA51-411A-B04D-20AB0C57BA0D}
	EndGlobalSection
EndGlobal
